
Microsoft Visual Studio Solution File, Format Version 12.00
# Visual Studio Version 17
VisualStudioVersion = 17.3.32929.385
MinimumVisualStudioVersion = 10.0.40219.1
Project("{8BC9CEB8-8B4A-11D0-8D11-00A0C91BC942}") = "UP-Praktikum-3Gr", "UP-Praktikum-3Gr\UP-Praktikum-3Gr.vcxproj", "{9664650C-9674-48FD-B749-4C265418E228}"
EndProject
Global
	GlobalSection(SolutionConfigurationPlatforms) = preSolution
		Debug|x64 = Debug|x64
		Debug|x86 = Debug|x86
		Release|x64 = Release|x64
		Release|x86 = Release|x86
	EndGlobalSection
	GlobalSection(ProjectConfigurationPlatforms) = postSolution
		{9664650C-9674-48FD-B749-4C265418E228}.Debug|x64.ActiveCfg = Debug|x64
		{9664650C-9674-48FD-B749-4C265418E228}.Debug|x64.Build.0 = Debug|x64
		{9664650C-9674-48FD-B749-4C265418E228}.Debug|x86.ActiveCfg = Debug|Win32
		{9664650C-9674-48FD-B749-4C265418E228}.Debug|x86.Build.0 = Debug|Win32
		{9664650C-9674-48FD-B749-4C265418E228}.Release|x64.ActiveCfg = Release|x64
		{9664650C-9674-48FD-B749-4C265418E228}.Release|x64.Build.0 = Release|x64
		{9664650C-9674-48FD-B749-4C265418E228}.Release|x86.ActiveCfg = Release|Win32
		{9664650C-9674-48FD-B749-4C265418E228}.Release|x86.Build.0 = Release|Win32
	EndGlobalSection
	GlobalSection(SolutionProperties) = preSolution
		HideSolutionNode = FALSE
	EndGlobalSection
	GlobalSection(ExtensibilityGlobals) = postSolution
		SolutionGuid = {197FC0D3-D650-4FA4-A390-9B7C6523F4DF}
	EndGlobalSection
EndGlobal
